
Microsoft Visual Studio Solution File, Format Version 12.00
# Visual Studio 2013
VisualStudioVersion = 12.0.31101.0
MinimumVisualStudioVersion = 10.0.40219.1
Project("{FAE04EC0-301F-11D3-BF4B-00C04F79EFBC}") = "winViz", "gyro1\winViz.csproj", "{2AA72C8A-47D1-41C7-9651-23D20F88B716}"
EndProject
Project("{FAE04EC0-301F-11D3-BF4B-00C04F79EFBC}") = "winRobotLib", "winRobot\winRobotLib.csproj", "{B674C060-3809-4B4C-9E94-76A05C91B2CC}"
EndProject
Project("{FAE04EC0-301F-11D3-BF4B-00C04F79EFBC}") = "PiBot", "PiBot\PiBot.csproj", "{C7749534-3FF5-49FC-8A1E-C8913CA80971}"
EndProject
Project("{FAE04EC0-301F-11D3-BF4B-00C04F79EFBC}") = "RpLidarLib", "RpLIDAR2\RpLidarLib.csproj", "{99EE9596-5C66-41E7-B1A4-C8A53061EC90}"
EndProject
Project("{FAE04EC0-301F-11D3-BF4B-00C04F79EFBC}") = "RnSlamLib", "SlamLib\RnSlamLib.csproj", "{7ED2C620-B656-49F9-88F2-23521A12C041}"
EndProject
Global
	GlobalSection(SolutionConfigurationPlatforms) = preSolution
		Debug|Any CPU = Debug|Any CPU
		Debug|x64 = Debug|x64
		Release|Any CPU = Release|Any CPU
		Release|x64 = Release|x64
	EndGlobalSection
	GlobalSection(ProjectConfigurationPlatforms) = postSolution
		{2AA72C8A-47D1-41C7-9651-23D20F88B716}.Debug|Any CPU.ActiveCfg = Debug|Any CPU
		{2AA72C8A-47D1-41C7-9651-23D20F88B716}.Debug|Any CPU.Build.0 = Debug|Any CPU
		{2AA72C8A-47D1-41C7-9651-23D20F88B716}.Debug|x64.ActiveCfg = Debug|Any CPU
		{2AA72C8A-47D1-41C7-9651-23D20F88B716}.Release|Any CPU.ActiveCfg = Release|Any CPU
		{2AA72C8A-47D1-41C7-9651-23D20F88B716}.Release|Any CPU.Build.0 = Release|Any CPU
		{2AA72C8A-47D1-41C7-9651-23D20F88B716}.Release|x64.ActiveCfg = Release|Any CPU
		{B674C060-3809-4B4C-9E94-76A05C91B2CC}.Debug|Any CPU.ActiveCfg = Debug|Any CPU
		{B674C060-3809-4B4C-9E94-76A05C91B2CC}.Debug|Any CPU.Build.0 = Debug|Any CPU
		{B674C060-3809-4B4C-9E94-76A05C91B2CC}.Debug|x64.ActiveCfg = Debug|Any CPU
		{B674C060-3809-4B4C-9E94-76A05C91B2CC}.Release|Any CPU.ActiveCfg = Release|Any CPU
		{B674C060-3809-4B4C-9E94-76A05C91B2CC}.Release|Any CPU.Build.0 = Release|Any CPU
		{B674C060-3809-4B4C-9E94-76A05C91B2CC}.Release|x64.ActiveCfg = Release|Any CPU
		{C7749534-3FF5-49FC-8A1E-C8913CA80971}.Debug|Any CPU.ActiveCfg = Debug|Any CPU
		{C7749534-3FF5-49FC-8A1E-C8913CA80971}.Debug|Any CPU.Build.0 = Debug|Any CPU
		{C7749534-3FF5-49FC-8A1E-C8913CA80971}.Debug|x64.ActiveCfg = Debug|Any CPU
		{C7749534-3FF5-49FC-8A1E-C8913CA80971}.Release|Any CPU.ActiveCfg = Release|Any CPU
		{C7749534-3FF5-49FC-8A1E-C8913CA80971}.Release|Any CPU.Build.0 = Release|Any CPU
		{C7749534-3FF5-49FC-8A1E-C8913CA80971}.Release|x64.ActiveCfg = Release|Any CPU
		{99EE9596-5C66-41E7-B1A4-C8A53061EC90}.Debug|Any CPU.ActiveCfg = Debug|Any CPU
		{99EE9596-5C66-41E7-B1A4-C8A53061EC90}.Debug|Any CPU.Build.0 = Debug|Any CPU
		{99EE9596-5C66-41E7-B1A4-C8A53061EC90}.Debug|x64.ActiveCfg = Debug|x64
		{99EE9596-5C66-41E7-B1A4-C8A53061EC90}.Debug|x64.Build.0 = Debug|x64
		{99EE9596-5C66-41E7-B1A4-C8A53061EC90}.Release|Any CPU.ActiveCfg = Release|Any CPU
		{99EE9596-5C66-41E7-B1A4-C8A53061EC90}.Release|Any CPU.Build.0 = Release|Any CPU
		{99EE9596-5C66-41E7-B1A4-C8A53061EC90}.Release|x64.ActiveCfg = Release|x64
		{99EE9596-5C66-41E7-B1A4-C8A53061EC90}.Release|x64.Build.0 = Release|x64
		{7ED2C620-B656-49F9-88F2-23521A12C041}.Debug|Any CPU.ActiveCfg = Debug|Any CPU
		{7ED2C620-B656-49F9-88F2-23521A12C041}.Debug|Any CPU.Build.0 = Debug|Any CPU
		{7ED2C620-B656-49F9-88F2-23521A12C041}.Debug|x64.ActiveCfg = Debug|x64
		{7ED2C620-B656-49F9-88F2-23521A12C041}.Debug|x64.Build.0 = Debug|x64
		{7ED2C620-B656-49F9-88F2-23521A12C041}.Release|Any CPU.ActiveCfg = Release|Any CPU
		{7ED2C620-B656-49F9-88F2-23521A12C041}.Release|Any CPU.Build.0 = Release|Any CPU
		{7ED2C620-B656-49F9-88F2-23521A12C041}.Release|x64.ActiveCfg = Release|x64
		{7ED2C620-B656-49F9-88F2-23521A12C041}.Release|x64.Build.0 = Release|x64
	EndGlobalSection
	GlobalSection(SolutionProperties) = preSolution
		HideSolutionNode = FALSE
	EndGlobalSection
EndGlobal
