
Microsoft Visual Studio Solution File, Format Version 12.00
# Visual Studio 2013
VisualStudioVersion = 12.0.31101.0
MinimumVisualStudioVersion = 10.0.40219.1
Project("{FAE04EC0-301F-11D3-BF4B-00C04F79EFBC}") = "gyro1", "gyro1\gyro1.csproj", "{2AA72C8A-47D1-41C7-9651-23D20F88B716}"
EndProject
Project("{FAE04EC0-301F-11D3-BF4B-00C04F79EFBC}") = "winRobot", "winRobot\winRobot.csproj", "{B674C060-3809-4B4C-9E94-76A05C91B2CC}"
EndProject
Global
	GlobalSection(SolutionConfigurationPlatforms) = preSolution
		Debug|Any CPU = Debug|Any CPU
		Release|Any CPU = Release|Any CPU
	EndGlobalSection
	GlobalSection(ProjectConfigurationPlatforms) = postSolution
		{2AA72C8A-47D1-41C7-9651-23D20F88B716}.Debug|Any CPU.ActiveCfg = Debug|Any CPU
		{2AA72C8A-47D1-41C7-9651-23D20F88B716}.Debug|Any CPU.Build.0 = Debug|Any CPU
		{2AA72C8A-47D1-41C7-9651-23D20F88B716}.Release|Any CPU.ActiveCfg = Release|Any CPU
		{2AA72C8A-47D1-41C7-9651-23D20F88B716}.Release|Any CPU.Build.0 = Release|Any CPU
		{B674C060-3809-4B4C-9E94-76A05C91B2CC}.Debug|Any CPU.ActiveCfg = Debug|Any CPU
		{B674C060-3809-4B4C-9E94-76A05C91B2CC}.Debug|Any CPU.Build.0 = Debug|Any CPU
		{B674C060-3809-4B4C-9E94-76A05C91B2CC}.Release|Any CPU.ActiveCfg = Release|Any CPU
		{B674C060-3809-4B4C-9E94-76A05C91B2CC}.Release|Any CPU.Build.0 = Release|Any CPU
	EndGlobalSection
	GlobalSection(SolutionProperties) = preSolution
		HideSolutionNode = FALSE
	EndGlobalSection
EndGlobal
